// !$*UTF8*$!
{
	archiveVersion = 1;
	classes = {
	};
	objectVersion = 50;
	objects = {

/* Begin PBXBuildFile section */
		EEEB5C6E263ED10C00503728 /* AppDelegate.swift in Sources */ = {isa = PBXBuildFile; fileRef = EEEB5C6D263ED10C00503728 /* AppDelegate.swift */; };
		EEEB5C70263ED10C00503728 /* SceneDelegate.swift in Sources */ = {isa = PBXBuildFile; fileRef = EEEB5C6F263ED10C00503728 /* SceneDelegate.swift */; };
		EEEB5C72263ED10C00503728 /* ViewController.swift in Sources */ = {isa = PBXBuildFile; fileRef = EEEB5C71263ED10C00503728 /* ViewController.swift */; };
		EEEB5C75263ED10C00503728 /* Main.storyboard in Resources */ = {isa = PBXBuildFile; fileRef = EEEB5C73263ED10C00503728 /* Main.storyboard */; };
		EEEB5C77263ED10D00503728 /* Assets.xcassets in Resources */ = {isa = PBXBuildFile; fileRef = EEEB5C76263ED10D00503728 /* Assets.xcassets */; };
		EEEB5C7A263ED10D00503728 /* LaunchScreen.storyboard in Resources */ = {isa = PBXBuildFile; fileRef = EEEB5C78263ED10D00503728 /* LaunchScreen.storyboard */; };
/* End PBXBuildFile section */

/* Begin PBXFileReference section */
		EEEB5C6A263ED10C00503728 /* magicBall.app */ = {isa = PBXFileReference; explicitFileType = wrapper.application; includeInIndex = 0; path = magicBall.app; sourceTree = BUILT_PRODUCTS_DIR; };
		EEEB5C6D263ED10C00503728 /* AppDelegate.swift */ = {isa = PBXFileReference; lastKnownFileType = sourcecode.swift; path = AppDelegate.swift; sourceTree = "<group>"; };
		EEEB5C6F263ED10C00503728 /* SceneDelegate.swift */ = {isa = PBXFileReference; lastKnownFileType = sourcecode.swift; path = SceneDelegate.swift; sourceTree = "<group>"; };
		EEEB5C71263ED10C00503728 /* ViewController.swift */ = {isa = PBXFileReference; lastKnownFileType = sourcecode.swift; path = ViewController.swift; sourceTree = "<group>"; };
		EEEB5C74263ED10C00503728 /* Base */ = {isa = PBXFileReference; lastKnownFileType = file.storyboard; name = Base; path = Base.lproj/Main.storyboard; sourceTree = "<group>"; };
		EEEB5C76263ED10D00503728 /* Assets.xcassets */ = {isa = PBXFileReference; lastKnownFileType = folder.assetcatalog; path = Assets.xcassets; sourceTree = "<group>"; };
		EEEB5C79263ED10D00503728 /* Base */ = {isa = PBXFileReference; lastKnownFileType = file.storyboard; name = Base; path = Base.lproj/LaunchScreen.storyboard; sourceTree = "<group>"; };
		EEEB5C7B263ED10D00503728 /* Info.plist */ = {isa = PBXFileReference; lastKnownFileType = text.plist.xml; path = Info.plist; sourceTree = "<group>"; };
/* End PBXFileReference section */

/* Begin PBXFrameworksBuildPhase section */
		EEEB5C67263ED10C00503728 /* Frameworks */ = {
			isa = PBXFrameworksBuildPhase;
			buildActionMask = 2147483647;
			files = (
			);
			runOnlyForDeploymentPostprocessing = 0;
		};
/* End PBXFrameworksBuildPhase section */

/* Begin PBXGroup section */
		EEEB5C61263ED10C00503728 = {
			isa = PBXGroup;
			children = (
				EEEB5C6C263ED10C00503728 /* magicBall */,
				EEEB5C6B263ED10C00503728 /* Products */,
			);
			sourceTree = "<group>";
		};
		EEEB5C6B263ED10C00503728 /* Products */ = {
			isa = PBXGroup;
			children = (
				EEEB5C6A263ED10C00503728 /* magicBall.app */,
			);
			name = Products;
			sourceTree = "<group>";
		};
		EEEB5C6C263ED10C00503728 /* magicBall */ = {
			isa = PBXGroup;
			children = (
				EEEB5C6D263ED10C00503728 /* AppDelegate.swift */,
				EEEB5C6F263ED10C00503728 /* SceneDelegate.swift */,
				EEEB5C71263ED10C00503728 /* ViewController.swift */,
				EEEB5C73263ED10C00503728 /* Main.storyboard */,
				EEEB5C76263ED10D00503728 /* Assets.xcassets */,
				EEEB5C78263ED10D00503728 /* LaunchScreen.storyboard */,
				EEEB5C7B263ED10D00503728 /* Info.plist */,
			);
			path = magicBall;
			sourceTree = "<group>";
		};
/* End PBXGroup section */

/* Begin PBXNativeTarget section */
		EEEB5C69263ED10C00503728 /* magicBall */ = {
			isa = PBXNativeTarget;
			buildConfigurationList = EEEB5C7E263ED10D00503728 /* Build configuration list for PBXNativeTarget "magicBall" */;
			buildPhases = (
				EEEB5C66263ED10C00503728 /* Sources */,
				EEEB5C67263ED10C00503728 /* Frameworks */,
				EEEB5C68263ED10C00503728 /* Resources */,
			);
			buildRules = (
			);
			dependencies = (
			);
			name = magicBall;
			productName = magicBall;
			productReference = EEEB5C6A263ED10C00503728 /* magicBall.app */;
			productType = "com.apple.product-type.application";
		};
/* End PBXNativeTarget section */

/* Begin PBXProject section */
		EEEB5C62263ED10C00503728 /* Project object */ = {
			isa = PBXProject;
			attributes = {
				LastSwiftUpdateCheck = 1240;
				LastUpgradeCheck = 1240;
				TargetAttributes = {
					EEEB5C69263ED10C00503728 = {
						CreatedOnToolsVersion = 12.4;
					};
				};
			};
			buildConfigurationList = EEEB5C65263ED10C00503728 /* Build configuration list for PBXProject "magicBall" */;
			compatibilityVersion = "Xcode 9.3";
			developmentRegion = en;
			hasScannedForEncodings = 0;
			knownRegions = (
				en,
				Base,
			);
			mainGroup = EEEB5C61263ED10C00503728;
			productRefGroup = EEEB5C6B263ED10C00503728 /* Products */;
			projectDirPath = "";
			projectRoot = "";
			targets = (
				EEEB5C69263ED10C00503728 /* magicBall */,
			);
		};
/* End PBXProject section */

/* Begin PBXResourcesBuildPhase section */
		EEEB5C68263ED10C00503728 /* Resources */ = {
			isa = PBXResourcesBuildPhase;
			buildActionMask = 2147483647;
			files = (
				EEEB5C7A263ED10D00503728 /* LaunchScreen.storyboard in Resources */,
				EEEB5C77263ED10D00503728 /* Assets.xcassets in Resources */,
				EEEB5C75263ED10C00503728 /* Main.storyboard in Resources */,
			);
			runOnlyForDeploymentPostprocessing = 0;
		};
/* End PBXResourcesBuildPhase section */

/* Begin PBXSourcesBuildPhase section */
		EEEB5C66263ED10C00503728 /* Sources */ = {
			isa = PBXSourcesBuildPhase;
			buildActionMask = 2147483647;
			files = (
				EEEB5C72263ED10C00503728 /* ViewController.swift in Sources */,
				EEEB5C6E263ED10C00503728 /* AppDelegate.swift in Sources */,
				EEEB5C70263ED10C00503728 /* SceneDelegate.swift in Sources */,
			);
			runOnlyForDeploymentPostprocessing = 0;
		};
/* End PBXSourcesBuildPhase section */

/* Begin PBXVariantGroup section */
		EEEB5C73263ED10C00503728 /* Main.storyboard */ = {
			isa = PBXVariantGroup;
			children = (
				EEEB5C74263ED10C00503728 /* Base */,
			);
			name = Main.storyboard;
			sourceTree = "<group>";
		};
		EEEB5C78263ED10D00503728 /* LaunchScreen.storyboard */ = {
			isa = PBXVariantGroup;
			children = (
				EEEB5C79263ED10D00503728 /* Base */,
			);
			name = LaunchScreen.storyboard;
			sourceTree = "<group>";
		};
/* End PBXVariantGroup section */

/* Begin XCBuildConfiguration section */
		EEEB5C7C263ED10D00503728 /* Debug */ = {
			isa = XCBuildConfiguration;
			buildSettings = {
				ALWAYS_SEARCH_USER_PATHS = NO;
				CLANG_ANALYZER_NONNULL = YES;
				CLANG_ANALYZER_NUMBER_OBJECT_CONVERSION = YES_AGGRESSIVE;
				CLANG_CXX_LANGUAGE_STANDARD = "gnu++14";
				CLANG_CXX_LIBRARY = "libc++";
				CLANG_ENABLE_MODULES = YES;
				CLANG_ENABLE_OBJC_ARC = YES;
				CLANG_ENABLE_OBJC_WEAK = YES;
				CLANG_WARN_BLOCK_CAPTURE_AUTORELEASING = YES;
				CLANG_WARN_BOOL_CONVERSION = YES;
				CLANG_WARN_COMMA = YES;
				CLANG_WARN_CONSTANT_CONVERSION = YES;
				CLANG_WARN_DEPRECATED_OBJC_IMPLEMENTATIONS = YES;
				CLANG_WARN_DIRECT_OBJC_ISA_USAGE = YES_ERROR;
				CLANG_WARN_DOCUMENTATION_COMMENTS = YES;
				CLANG_WARN_EMPTY_BODY = YES;
				CLANG_WARN_ENUM_CONVERSION = YES;
				CLANG_WARN_INFINITE_RECURSION = YES;
				CLANG_WARN_INT_CONVERSION = YES;
				CLANG_WARN_NON_LITERAL_NULL_CONVERSION = YES;
				CLANG_WARN_OBJC_IMPLICIT_RETAIN_SELF = YES;
				CLANG_WARN_OBJC_LITERAL_CONVERSION = YES;
				CLANG_WARN_OBJC_ROOT_CLASS = YES_ERROR;
				CLANG_WARN_QUOTED_INCLUDE_IN_FRAMEWORK_HEADER = YES;
				CLANG_WARN_RANGE_LOOP_ANALYSIS = YES;
				CLANG_WARN_STRICT_PROTOTYPES = YES;
				CLANG_WARN_SUSPICIOUS_MOVE = YES;
				CLANG_WARN_UNGUARDED_AVAILABILITY = YES_AGGRESSIVE;
				CLANG_WARN_UNREACHABLE_CODE = YES;
				CLANG_WARN__DUPLICATE_METHOD_MATCH = YES;
				COPY_PHASE_STRIP = NO;
				DEBUG_INFORMATION_FORMAT = dwarf;
				ENABLE_STRICT_OBJC_MSGSEND = YES;
				ENABLE_TESTABILITY = YES;
				GCC_C_LANGUAGE_STANDARD = gnu11;
				GCC_DYNAMIC_NO_PIC = NO;
				GCC_NO_COMMON_BLOCKS = YES;
				GCC_OPTIMIZATION_LEVEL = 0;
				GCC_PREPROCESSOR_DEFINITIONS = (
					"DEBUG=1",
					"$(inherited)",
				);
				GCC_WARN_64_TO_32_BIT_CONVERSION = YES;
				GCC_WARN_ABOUT_RETURN_TYPE = YES_ERROR;
				GCC_WARN_UNDECLARED_SELECTOR = YES;
				GCC_WARN_UNINITIALIZED_AUTOS = YES_AGGRESSIVE;
				GCC_WARN_UNUSED_FUNCTION = YES;
				GCC_WARN_UNUSED_VARIABLE = YES;
				IPHONEOS_DEPLOYMENT_TARGET = 14.4;
				MTL_ENABLE_DEBUG_INFO = INCLUDE_SOURCE;
				MTL_FAST_MATH = YES;
				ONLY_ACTIVE_ARCH = YES;
				SDKROOT = iphoneos;
				SWIFT_ACTIVE_COMPILATION_CONDITIONS = DEBUG;
				SWIFT_OPTIMIZATION_LEVEL = "-Onone";
			};
			name = Debug;
		};
		EEEB5C7D263ED10D00503728 /* Release */ = {
			isa = XCBuildConfiguration;
			buildSettings = {
				ALWAYS_SEARCH_USER_PATHS = NO;
				CLANG_ANALYZER_NONNULL = YES;
				CLANG_ANALYZER_NUMBER_OBJECT_CONVERSION = YES_AGGRESSIVE;
				CLANG_CXX_LANGUAGE_STANDARD = "gnu++14";
				CLANG_CXX_LIBRARY = "libc++";
				CLANG_ENABLE_MODULES = YES;
				CLANG_ENABLE_OBJC_ARC = YES;
				CLANG_ENABLE_OBJC_WEAK = YES;
				CLANG_WARN_BLOCK_CAPTURE_AUTORELEASING = YES;
				CLANG_WARN_BOOL_CONVERSION = YES;
				CLANG_WARN_COMMA = YES;
				CLANG_WARN_CONSTANT_CONVERSION = YES;
				CLANG_WARN_DEPRECATED_OBJC_IMPLEMENTATIONS = YES;
				CLANG_WARN_DIRECT_OBJC_ISA_USAGE = YES_ERROR;
				CLANG_WARN_DOCUMENTATION_COMMENTS = YES;
				CLANG_WARN_EMPTY_BODY = YES;
				CLANG_WARN_ENUM_CONVERSION = YES;
				CLANG_WARN_INFINITE_RECURSION = YES;
				CLANG_WARN_INT_CONVERSION = YES;
				CLANG_WARN_NON_LITERAL_NULL_CONVERSION = YES;
				CLANG_WARN_OBJC_IMPLICIT_RETAIN_SELF = YES;
				CLANG_WARN_OBJC_LITERAL_CONVERSION = YES;
				CLANG_WARN_OBJC_ROOT_CLASS = YES_ERROR;
				CLANG_WARN_QUOTED_INCLUDE_IN_FRAMEWORK_HEADER = YES;
				CLANG_WARN_RANGE_LOOP_ANALYSIS = YES;
				CLANG_WARN_STRICT_PROTOTYPES = YES;
				CLANG_WARN_SUSPICIOUS_MOVE = YES;
				CLANG_WARN_UNGUARDED_AVAILABILITY = YES_AGGRESSIVE;
				CLANG_WARN_UNREACHABLE_CODE = YES;
				CLANG_WARN__DUPLICATE_METHOD_MATCH = YES;
				COPY_PHASE_STRIP = NO;
				DEBUG_INFORMATION_FORMAT = "dwarf-with-dsym";
				ENABLE_NS_ASSERTIONS = NO;
				ENABLE_STRICT_OBJC_MSGSEND = YES;
				GCC_C_LANGUAGE_STANDARD = gnu11;
				GCC_NO_COMMON_BLOCKS = YES;
				GCC_WARN_64_TO_32_BIT_CONVERSION = YES;
				GCC_WARN_ABOUT_RETURN_TYPE = YES_ERROR;
				GCC_WARN_UNDECLARED_SELECTOR = YES;
				GCC_WARN_UNINITIALIZED_AUTOS = YES_AGGRESSIVE;
				GCC_WARN_UNUSED_FUNCTION = YES;
				GCC_WARN_UNUSED_VARIABLE = YES;
				IPHONEOS_DEPLOYMENT_TARGET = 14.4;
				MTL_ENABLE_DEBUG_INFO = NO;
				MTL_FAST_MATH = YES;
				SDKROOT = iphoneos;
				SWIFT_COMPILATION_MODE = wholemodule;
				SWIFT_OPTIMIZATION_LEVEL = "-O";
				VALIDATE_PRODUCT = YES;
			};
			name = Release;
		};
		EEEB5C7F263ED10D00503728 /* Debug */ = {
			isa = XCBuildConfiguration;
			buildSettings = {
				ASSETCATALOG_COMPILER_APPICON_NAME = AppIcon;
				ASSETCATALOG_COMPILER_GLOBAL_ACCENT_COLOR_NAME = AccentColor;
				CODE_SIGN_STYLE = Automatic;
				DEVELOPMENT_TEAM = PJQ548J7VL;
				INFOPLIST_FILE = magicBall/Info.plist;
				LD_RUNPATH_SEARCH_PATHS = (
					"$(inherited)",
					"@executable_path/Frameworks",
				);
				PRODUCT_BUNDLE_IDENTIFIER = com.saidecekic.magicBall;
				PRODUCT_NAME = "$(TARGET_NAME)";
				SWIFT_VERSION = 5.0;
				TARGETED_DEVICE_FAMILY = "1,2";
			};
			name = Debug;
		};
		EEEB5C80263ED10D00503728 /* Release */ = {
			isa = XCBuildConfiguration;
			buildSettings = {
				ASSETCATALOG_COMPILER_APPICON_NAME = AppIcon;
				ASSETCATALOG_COMPILER_GLOBAL_ACCENT_COLOR_NAME = AccentColor;
				CODE_SIGN_STYLE = Automatic;
				DEVELOPMENT_TEAM = PJQ548J7VL;
				INFOPLIST_FILE = magicBall/Info.plist;
				LD_RUNPATH_SEARCH_PATHS = (
					"$(inherited)",
					"@executable_path/Frameworks",
				);
				PRODUCT_BUNDLE_IDENTIFIER = com.saidecekic.magicBall;
				PRODUCT_NAME = "$(TARGET_NAME)";
				SWIFT_VERSION = 5.0;
				TARGETED_DEVICE_FAMILY = "1,2";
			};
			name = Release;
		};
/* End XCBuildConfiguration section */

/* Begin XCConfigurationList section */
		EEEB5C65263ED10C00503728 /* Build configuration list for PBXProject "magicBall" */ = {
			isa = XCConfigurationList;
			buildConfigurations = (
				EEEB5C7C263ED10D00503728 /* Debug */,
				EEEB5C7D263ED10D00503728 /* Release */,
			);
			defaultConfigurationIsVisible = 0;
			defaultConfigurationName = Release;
		};
		EEEB5C7E263ED10D00503728 /* Build configuration list for PBXNativeTarget "magicBall" */ = {
			isa = XCConfigurationList;
			buildConfigurations = (
				EEEB5C7F263ED10D00503728 /* Debug */,
				EEEB5C80263ED10D00503728 /* Release */,
			);
			defaultConfigurationIsVisible = 0;
			defaultConfigurationName = Release;
		};
/* End XCConfigurationList section */
	};
	rootObject = EEEB5C62263ED10C00503728 /* Project object */;
}
